{
  "object": {
    "pins": [
      {
        "package": "SlamKit",
        "repositoryURL": "https://github.com/magesteve/SlamKit.git",
        "state": {
          "branch": null,
          "revision": "32f79b206b16705dd259720ce6b964d32f4a2bbf",
          "version": "0.0.1"
        }
      }
    ]
  },
  "version": 1
}
