{
  "object": {
    "pins": [
      {
        "package": "SlamKit",
        "repositoryURL": "https://github.com/magesteve/SlamKit.git",
        "state": {
          "branch": null,
          "revision": "b5ac92fa45bca0c0280ecb5e01089cd3de657c89",
          "version": "1.0.0"
        }
      }
    ]
  },
  "version": 1
}
