{
  "object": {
    "pins": [
      {
        "package": "SlamKit",
        "repositoryURL": "https://github.com/magesteve/SlamKit.git",
        "state": {
          "branch": null,
          "revision": "93fcea3f0fbae36a478f2d97f3470161b525ceac",
          "version": "0.0.7"
        }
      }
    ]
  },
  "version": 1
}
